Microsoft Visual Studio Solution File, Format Version 12.00
# Visual Studio 15
VisualStudioVersion = 15.0.27130.2036
MinimumVisualStudioVersion = 10.0.40219.1
Project("{2150E333-8FDC-42A3-9474-1A3956D46DE8}") = "BLL", "BLL", "{5D82E800-1243-4AA1-9B8A-925A0535F09E}"
EndProject
Project("{2150E333-8FDC-42A3-9474-1A3956D46DE8}") = "DAL", "DAL", "{ED0B509F-FF91-4D73-A678-B86C99546641}"
EndProject
Project("{2150E333-8FDC-42A3-9474-1A3956D46DE8}") = "PL", "PL", "{1239F4E5-1539-4140-A5A3-800D4388C59C}"
EndProject
Project("{2150E333-8FDC-42A3-9474-1A3956D46DE8}") = "Entities", "Entities", "{8E02CA0A-CDE1-45F2-92AE-4B9EE80266F8}"
EndProject
Project("{9A19103F-16F7-4668-BE54-9A1E7A4F7556}") = "IRO.Task.NoteBase.DAL.EF", "IRO.Task.NoteBase.DAL.EF\IRO.Task.NoteBase.DAL.EF.csproj", "{739B818F-CD13-4653-8598-0C02609068D5}"
EndProject
Project("{9A19103F-16F7-4668-BE54-9A1E7A4F7556}") = "IRO.Task.NoteBase.DAL.Contracts", "IRO.Task.NoteBase.DAL.Contracts\IRO.Task.NoteBase.DAL.Contracts.csproj", "{B66BC589-1E1A-4993-85CF-B6E7E1EA3292}"
EndProject
Project("{9A19103F-16F7-4668-BE54-9A1E7A4F7556}") = "IRO.Task.NoteBase.BLL.Core", "IRO.Task.NoteBase.BLL.Core\IRO.Task.NoteBase.BLL.Core.csproj", "{69F680AB-36AD-4A9E-9007-B54B5874E6EC}"
EndProject
Project("{9A19103F-16F7-4668-BE54-9A1E7A4F7556}") = "IRO.Task.NoteBase.PL.ConsoleApp", "IRO.Task.NoteBase.PL.ConsoleApp\IRO.Task.NoteBase.PL.ConsoleApp.csproj", "{1175F68F-77BA-4D18-829F-377622B502E2}"
EndProject
Project("{9A19103F-16F7-4668-BE54-9A1E7A4F7556}") = "IRO.Task.NoteBase.Entities", "IRO.Task.NoteBase.Entities\IRO.Task.NoteBase.Entities.csproj", "{2FFEA4DC-0A2C-4567-836C-494F3F996208}"
EndProject
Project("{9A19103F-16F7-4668-BE54-9A1E7A4F7556}") = "IRO.Task.NoteBase.BLL.Contracts", "IRO.Task.NoteBase.BLL.Contracts\IRO.Task.NoteBase.BLL.Contracts.csproj", "{59CAAFB2-93EF-4103-A596-8F7F5D1C01D9}"
EndProject
Project("{FAE04EC0-301F-11D3-BF4B-00C04F79EFBC}") = "IRO.Task.NoteBase.PL.WebApp", "IRO.Task.NoteBase.PL.WebApp\IRO.Task.NoteBase.PL.WebApp.csproj", "{5BAB0F30-9A59-42D7-A304-D6EBEFC111D5}"
EndProject
Global
	GlobalSection(SolutionConfigurationPlatforms) = preSolution
		Debug|Any CPU = Debug|Any CPU
		Release|Any CPU = Release|Any CPU
	EndGlobalSection
	GlobalSection(ProjectConfigurationPlatforms) = postSolution
		{739B818F-CD13-4653-8598-0C02609068D5}.Debug|Any CPU.ActiveCfg = Debug|Any CPU
		{739B818F-CD13-4653-8598-0C02609068D5}.Debug|Any CPU.Build.0 = Debug|Any CPU
		{739B818F-CD13-4653-8598-0C02609068D5}.Release|Any CPU.ActiveCfg = Release|Any CPU
		{739B818F-CD13-4653-8598-0C02609068D5}.Release|Any CPU.Build.0 = Release|Any CPU
		{B66BC589-1E1A-4993-85CF-B6E7E1EA3292}.Debug|Any CPU.ActiveCfg = Debug|Any CPU
		{B66BC589-1E1A-4993-85CF-B6E7E1EA3292}.Debug|Any CPU.Build.0 = Debug|Any CPU
		{B66BC589-1E1A-4993-85CF-B6E7E1EA3292}.Release|Any CPU.ActiveCfg = Release|Any CPU
		{B66BC589-1E1A-4993-85CF-B6E7E1EA3292}.Release|Any CPU.Build.0 = Release|Any CPU
		{69F680AB-36AD-4A9E-9007-B54B5874E6EC}.Debug|Any CPU.ActiveCfg = Debug|Any CPU
		{69F680AB-36AD-4A9E-9007-B54B5874E6EC}.Debug|Any CPU.Build.0 = Debug|Any CPU
		{69F680AB-36AD-4A9E-9007-B54B5874E6EC}.Release|Any CPU.ActiveCfg = Release|Any CPU
		{69F680AB-36AD-4A9E-9007-B54B5874E6EC}.Release|Any CPU.Build.0 = Release|Any CPU
		{1175F68F-77BA-4D18-829F-377622B502E2}.Debug|Any CPU.ActiveCfg = Debug|Any CPU
		{1175F68F-77BA-4D18-829F-377622B502E2}.Debug|Any CPU.Build.0 = Debug|Any CPU
		{1175F68F-77BA-4D18-829F-377622B502E2}.Release|Any CPU.ActiveCfg = Release|Any CPU
		{1175F68F-77BA-4D18-829F-377622B502E2}.Release|Any CPU.Build.0 = Release|Any CPU
		{2FFEA4DC-0A2C-4567-836C-494F3F996208}.Debug|Any CPU.ActiveCfg = Debug|Any CPU
		{2FFEA4DC-0A2C-4567-836C-494F3F996208}.Debug|Any CPU.Build.0 = Debug|Any CPU
		{2FFEA4DC-0A2C-4567-836C-494F3F996208}.Release|Any CPU.ActiveCfg = Release|Any CPU
		{2FFEA4DC-0A2C-4567-836C-494F3F996208}.Release|Any CPU.Build.0 = Release|Any CPU
		{59CAAFB2-93EF-4103-A596-8F7F5D1C01D9}.Debug|Any CPU.ActiveCfg = Debug|Any CPU
		{59CAAFB2-93EF-4103-A596-8F7F5D1C01D9}.Debug|Any CPU.Build.0 = Debug|Any CPU
		{59CAAFB2-93EF-4103-A596-8F7F5D1C01D9}.Release|Any CPU.ActiveCfg = Release|Any CPU
		{59CAAFB2-93EF-4103-A596-8F7F5D1C01D9}.Release|Any CPU.Build.0 = Release|Any CPU
		{5BAB0F30-9A59-42D7-A304-D6EBEFC111D5}.Debug|Any CPU.ActiveCfg = Debug|Any CPU
		{5BAB0F30-9A59-42D7-A304-D6EBEFC111D5}.Debug|Any CPU.Build.0 = Debug|Any CPU
		{5BAB0F30-9A59-42D7-A304-D6EBEFC111D5}.Release|Any CPU.ActiveCfg = Release|Any CPU
		{5BAB0F30-9A59-42D7-A304-D6EBEFC111D5}.Release|Any CPU.Build.0 = Release|Any CPU
	EndGlobalSection
	GlobalSection(SolutionProperties) = preSolution
		HideSolutionNode = FALSE
	EndGlobalSection
	GlobalSection(NestedProjects) = preSolution
		{739B818F-CD13-4653-8598-0C02609068D5} = {ED0B509F-FF91-4D73-A678-B86C99546641}
		{B66BC589-1E1A-4993-85CF-B6E7E1EA3292} = {ED0B509F-FF91-4D73-A678-B86C99546641}
		{69F680AB-36AD-4A9E-9007-B54B5874E6EC} = {5D82E800-1243-4AA1-9B8A-925A0535F09E}
		{1175F68F-77BA-4D18-829F-377622B502E2} = {1239F4E5-1539-4140-A5A3-800D4388C59C}
		{2FFEA4DC-0A2C-4567-836C-494F3F996208} = {8E02CA0A-CDE1-45F2-92AE-4B9EE80266F8}
		{59CAAFB2-93EF-4103-A596-8F7F5D1C01D9} = {5D82E800-1243-4AA1-9B8A-925A0535F09E}
		{5BAB0F30-9A59-42D7-A304-D6EBEFC111D5} = {1239F4E5-1539-4140-A5A3-800D4388C59C}
	EndGlobalSection
	GlobalSection(ExtensibilityGlobals) = postSolution
		SolutionGuid = {97411702-F845-4A9B-84AA-B490FAE2C09E}
	EndGlobalSection
EndGlobal
