
Microsoft Visual Studio Solution File, Format Version 12.00
# Visual Studio 15
VisualStudioVersion = 15.0.26430.12
MinimumVisualStudioVersion = 10.0.40219.1
Project("{FAE04EC0-301F-11D3-BF4B-00C04F79EFBC}") = "IRO.Task.NoteBase.PL.ConsoleApp", "IRO.Task.NoteBase.PL\IRO.Task.NoteBase.PL.ConsoleApp.csproj", "{25F2B756-142A-4DD2-A7DC-AA87C3A3D932}"
EndProject
Project("{FAE04EC0-301F-11D3-BF4B-00C04F79EFBC}") = "IRO.Task.NoteBase.Entities", "IRO.Tast.NoteBase.Entities\IRO.Task.NoteBase.Entities.csproj", "{02716313-4C35-42DB-A96B-A159926A8C05}"
EndProject
Project("{2150E333-8FDC-42A3-9474-1A3956D46DE8}") = "BLL", "BLL", "{5D82E800-1243-4AA1-9B8A-925A0535F09E}"
EndProject
Project("{2150E333-8FDC-42A3-9474-1A3956D46DE8}") = "DAL", "DAL", "{ED0B509F-FF91-4D73-A678-B86C99546641}"
EndProject
Project("{2150E333-8FDC-42A3-9474-1A3956D46DE8}") = "PL", "PL", "{1239F4E5-1539-4140-A5A3-800D4388C59C}"
EndProject
Project("{FAE04EC0-301F-11D3-BF4B-00C04F79EFBC}") = "IRO.Task.NoteBase.BLL.Contracts", "IRO.Task.NoteBase.BLL.Contracts\IRO.Task.NoteBase.BLL.Contracts.csproj", "{7FB0777C-0E07-4309-B70F-5F7B5AA9A7C1}"
EndProject
Project("{FAE04EC0-301F-11D3-BF4B-00C04F79EFBC}") = "IRO.Task.NoteBase.BLL.Core", "IRO.Task.NoteBase.BLL.Core\IRO.Task.NoteBase.BLL.Core.csproj", "{6F6FE3D4-CC3E-4BAD-8212-EF137B777110}"
EndProject
Project("{2150E333-8FDC-42A3-9474-1A3956D46DE8}") = "Entities", "Entities", "{8E02CA0A-CDE1-45F2-92AE-4B9EE80266F8}"
EndProject
Project("{FAE04EC0-301F-11D3-BF4B-00C04F79EFBC}") = "IRO.Task.NoteBase.DAL.Contracts", "IRO.Task.NoteBase.DAL.Contracts\IRO.Task.NoteBase.DAL.Contracts.csproj", "{0FB85096-1452-45ED-8AE7-899F91178C63}"
EndProject
Project("{FAE04EC0-301F-11D3-BF4B-00C04F79EFBC}") = "IRO.Task.NoteBase.DAL.Memory", "IRO.Task.NoteBase.DAL.Memory\IRO.Task.NoteBase.DAL.Memory.csproj", "{EE86D1AC-9DFD-40F2-931F-476E2A2351F8}"
EndProject
Global
	GlobalSection(SolutionConfigurationPlatforms) = preSolution
		Debug|Any CPU = Debug|Any CPU
		Release|Any CPU = Release|Any CPU
	EndGlobalSection
	GlobalSection(ProjectConfigurationPlatforms) = postSolution
		{25F2B756-142A-4DD2-A7DC-AA87C3A3D932}.Debug|Any CPU.ActiveCfg = Debug|Any CPU
		{25F2B756-142A-4DD2-A7DC-AA87C3A3D932}.Debug|Any CPU.Build.0 = Debug|Any CPU
		{25F2B756-142A-4DD2-A7DC-AA87C3A3D932}.Release|Any CPU.ActiveCfg = Release|Any CPU
		{25F2B756-142A-4DD2-A7DC-AA87C3A3D932}.Release|Any CPU.Build.0 = Release|Any CPU
		{02716313-4C35-42DB-A96B-A159926A8C05}.Debug|Any CPU.ActiveCfg = Debug|Any CPU
		{02716313-4C35-42DB-A96B-A159926A8C05}.Debug|Any CPU.Build.0 = Debug|Any CPU
		{02716313-4C35-42DB-A96B-A159926A8C05}.Release|Any CPU.ActiveCfg = Release|Any CPU
		{02716313-4C35-42DB-A96B-A159926A8C05}.Release|Any CPU.Build.0 = Release|Any CPU
		{7FB0777C-0E07-4309-B70F-5F7B5AA9A7C1}.Debug|Any CPU.ActiveCfg = Debug|Any CPU
		{7FB0777C-0E07-4309-B70F-5F7B5AA9A7C1}.Debug|Any CPU.Build.0 = Debug|Any CPU
		{7FB0777C-0E07-4309-B70F-5F7B5AA9A7C1}.Release|Any CPU.ActiveCfg = Release|Any CPU
		{7FB0777C-0E07-4309-B70F-5F7B5AA9A7C1}.Release|Any CPU.Build.0 = Release|Any CPU
		{6F6FE3D4-CC3E-4BAD-8212-EF137B777110}.Debug|Any CPU.ActiveCfg = Debug|Any CPU
		{6F6FE3D4-CC3E-4BAD-8212-EF137B777110}.Debug|Any CPU.Build.0 = Debug|Any CPU
		{6F6FE3D4-CC3E-4BAD-8212-EF137B777110}.Release|Any CPU.ActiveCfg = Release|Any CPU
		{6F6FE3D4-CC3E-4BAD-8212-EF137B777110}.Release|Any CPU.Build.0 = Release|Any CPU
		{0FB85096-1452-45ED-8AE7-899F91178C63}.Debug|Any CPU.ActiveCfg = Debug|Any CPU
		{0FB85096-1452-45ED-8AE7-899F91178C63}.Debug|Any CPU.Build.0 = Debug|Any CPU
		{0FB85096-1452-45ED-8AE7-899F91178C63}.Release|Any CPU.ActiveCfg = Release|Any CPU
		{0FB85096-1452-45ED-8AE7-899F91178C63}.Release|Any CPU.Build.0 = Release|Any CPU
		{EE86D1AC-9DFD-40F2-931F-476E2A2351F8}.Debug|Any CPU.ActiveCfg = Debug|Any CPU
		{EE86D1AC-9DFD-40F2-931F-476E2A2351F8}.Debug|Any CPU.Build.0 = Debug|Any CPU
		{EE86D1AC-9DFD-40F2-931F-476E2A2351F8}.Release|Any CPU.ActiveCfg = Release|Any CPU
		{EE86D1AC-9DFD-40F2-931F-476E2A2351F8}.Release|Any CPU.Build.0 = Release|Any CPU
	EndGlobalSection
	GlobalSection(SolutionProperties) = preSolution
		HideSolutionNode = FALSE
	EndGlobalSection
	GlobalSection(NestedProjects) = preSolution
		{25F2B756-142A-4DD2-A7DC-AA87C3A3D932} = {1239F4E5-1539-4140-A5A3-800D4388C59C}
		{02716313-4C35-42DB-A96B-A159926A8C05} = {8E02CA0A-CDE1-45F2-92AE-4B9EE80266F8}
		{7FB0777C-0E07-4309-B70F-5F7B5AA9A7C1} = {5D82E800-1243-4AA1-9B8A-925A0535F09E}
		{6F6FE3D4-CC3E-4BAD-8212-EF137B777110} = {5D82E800-1243-4AA1-9B8A-925A0535F09E}
		{0FB85096-1452-45ED-8AE7-899F91178C63} = {ED0B509F-FF91-4D73-A678-B86C99546641}
		{EE86D1AC-9DFD-40F2-931F-476E2A2351F8} = {ED0B509F-FF91-4D73-A678-B86C99546641}
	EndGlobalSection
	GlobalSection(ExtensibilityGlobals) = postSolution
		SolutionGuid = {97411702-F845-4A9B-84AA-B490FAE2C09E}
	EndGlobalSection
EndGlobal
